
Microsoft Visual Studio Solution File, Format Version 12.00
# Visual Studio Version 16
VisualStudioVersion = 16.0.30225.117
MinimumVisualStudioVersion = 10.0.40219.1
Project("{9A19103F-16F7-4668-BE54-9A1E7A4F7556}") = "AuthenticationService.IDP", "AuthenticationService.IDP\AuthenticationService.IDP.csproj", "{753C2190-2576-4133-B7CF-FDF099C98A85}"
EndProject
Global
	GlobalSection(SolutionConfigurationPlatforms) = preSolution
		Debug|Any CPU = Debug|Any CPU
		Release|Any CPU = Release|Any CPU
	EndGlobalSection
	GlobalSection(ProjectConfigurationPlatforms) = postSolution
		{753C2190-2576-4133-B7CF-FDF099C98A85}.Debug|Any CPU.ActiveCfg = Debug|Any CPU
		{753C2190-2576-4133-B7CF-FDF099C98A85}.Debug|Any CPU.Build.0 = Debug|Any CPU
		{753C2190-2576-4133-B7CF-FDF099C98A85}.Release|Any CPU.ActiveCfg = Release|Any CPU
		{753C2190-2576-4133-B7CF-FDF099C98A85}.Release|Any CPU.Build.0 = Release|Any CPU
	EndGlobalSection
	GlobalSection(SolutionProperties) = preSolution
		HideSolutionNode = FALSE
	EndGlobalSection
	GlobalSection(ExtensibilityGlobals) = postSolution
		SolutionGuid = {DABEB20A-8428-4CD4-AB68-D7C8F4ACF52C}
	EndGlobalSection
EndGlobal
